dependencies:
  example_init:
    component_hash: null
    source:
      path: C:\Users\xuand\esp\v5.2.1\esp-idf\examples\bluetooth\esp_ble_mesh\common_components\example_init
      type: local
    version: '*'
  idf:
    component_hash: null
    source:
      type: idf
    version: 5.2.1
manifest_hash: 776492cdc42a0717e31fcc38eab28753ab37591b2c54b94654068737c527f2e9
target: esp32
version: 1.0.0
